
Microsoft Visual Studio Solution File, Format Version 12.00
# Visual Studio Version 17
VisualStudioVersion = 17.11.35327.3
MinimumVisualStudioVersion = 10.0.40219.1
Project("{9A19103F-16F7-4668-BE54-9A1E7A4F7556}") = "WPFTutorial", "WPFTutorial\WPFTutorial.csproj", "{0CF61223-B2E7-4DFA-85FB-A9C8F51237F9}"
EndProject
Project("{9A19103F-16F7-4668-BE54-9A1E7A4F7556}") = "5.GridBasics", "5.GridBasics\5.GridBasics.csproj", "{274F9B53-2279-43C8-AC41-E04173E7EFB9}"
EndProject
Project("{9A19103F-16F7-4668-BE54-9A1E7A4F7556}") = "6.CustomControls", "6.CustomControls\6.CustomControls.csproj", "{49D88FC1-012D-4D09-B34D-2BCDCF61BD14}"
EndProject
Project("{9A19103F-16F7-4668-BE54-9A1E7A4F7556}") = "7.TextboxControls", "7.TextboxControls\7.TextboxControls.csproj", "{3C6E09AC-2DF3-4C3A-A262-A11410FB94B1}"
EndProject
Project("{9A19103F-16F7-4668-BE54-9A1E7A4F7556}") = "8.DataBindningsINotify", "8.DataBindningsINotify\8.DataBindningsINotify.csproj", "{B323A90E-ACC2-4CCB-A544-60E2820C50DA}"
EndProject
Project("{9A19103F-16F7-4668-BE54-9A1E7A4F7556}") = "9.Messageboxes", "9.Messageboxes\9.Messageboxes.csproj", "{8470A5C9-6DA4-44FF-A1EB-67EA76887464}"
EndProject
Project("{9A19103F-16F7-4668-BE54-9A1E7A4F7556}") = "10.OpenFileDigalogs", "10.OpenFileDigalogs\10.OpenFileDigalogs.csproj", "{A4D9DB16-A022-4D07-95BC-66BEAAB10AB5}"
EndProject
Project("{9A19103F-16F7-4668-BE54-9A1E7A4F7556}") = "12.ListViews", "12.ListViews\12.ListViews.csproj", "{2D086467-0B2A-4972-B35B-454281882AF8}"
EndProject
Project("{9A19103F-16F7-4668-BE54-9A1E7A4F7556}") = "13.ObservableCollectionListView", "13.ObservableCollectionListView\13.ObservableCollectionListView.csproj", "{102FC65B-05A2-4791-853F-9531D9676B6F}"
EndProject
Project("{9A19103F-16F7-4668-BE54-9A1E7A4F7556}") = "15.StackPanels", "15.StackPanels\15.StackPanels.csproj", "{5172E636-467F-4F6B-B279-83F38F47F9D4}"
EndProject
Project("{9A19103F-16F7-4668-BE54-9A1E7A4F7556}") = "14.Gridsplitting", "14.Gridsplitting\14.Gridsplitting.csproj", "{3B86D4B2-5935-4970-B134-A65B0A86A56C}"
EndProject
Project("{FAE04EC0-301F-11D3-BF4B-00C04F79EFBC}") = "16.Expaners", "16.Expaners\16.Expaners.csproj", "{02F4983C-DB2B-4D6A-8510-64612F6E835F}"
EndProject
Project("{FAE04EC0-301F-11D3-BF4B-00C04F79EFBC}") = "17.ScrollViewers", "17.ScrollViewers\17.ScrollViewers.csproj", "{D537B472-F279-4C9D-8925-35E540F434C5}"
EndProject
Global
	GlobalSection(SolutionConfigurationPlatforms) = preSolution
		Debug|Any CPU = Debug|Any CPU
		Release|Any CPU = Release|Any CPU
	EndGlobalSection
	GlobalSection(ProjectConfigurationPlatforms) = postSolution
		{0CF61223-B2E7-4DFA-85FB-A9C8F51237F9}.Debug|Any CPU.ActiveCfg = Debug|Any CPU
		{0CF61223-B2E7-4DFA-85FB-A9C8F51237F9}.Debug|Any CPU.Build.0 = Debug|Any CPU
		{0CF61223-B2E7-4DFA-85FB-A9C8F51237F9}.Release|Any CPU.ActiveCfg = Release|Any CPU
		{0CF61223-B2E7-4DFA-85FB-A9C8F51237F9}.Release|Any CPU.Build.0 = Release|Any CPU
		{274F9B53-2279-43C8-AC41-E04173E7EFB9}.Debug|Any CPU.ActiveCfg = Debug|Any CPU
		{274F9B53-2279-43C8-AC41-E04173E7EFB9}.Debug|Any CPU.Build.0 = Debug|Any CPU
		{274F9B53-2279-43C8-AC41-E04173E7EFB9}.Release|Any CPU.ActiveCfg = Release|Any CPU
		{274F9B53-2279-43C8-AC41-E04173E7EFB9}.Release|Any CPU.Build.0 = Release|Any CPU
		{49D88FC1-012D-4D09-B34D-2BCDCF61BD14}.Debug|Any CPU.ActiveCfg = Debug|Any CPU
		{49D88FC1-012D-4D09-B34D-2BCDCF61BD14}.Debug|Any CPU.Build.0 = Debug|Any CPU
		{49D88FC1-012D-4D09-B34D-2BCDCF61BD14}.Release|Any CPU.ActiveCfg = Release|Any CPU
		{49D88FC1-012D-4D09-B34D-2BCDCF61BD14}.Release|Any CPU.Build.0 = Release|Any CPU
		{3C6E09AC-2DF3-4C3A-A262-A11410FB94B1}.Debug|Any CPU.ActiveCfg = Debug|Any CPU
		{3C6E09AC-2DF3-4C3A-A262-A11410FB94B1}.Debug|Any CPU.Build.0 = Debug|Any CPU
		{3C6E09AC-2DF3-4C3A-A262-A11410FB94B1}.Release|Any CPU.ActiveCfg = Release|Any CPU
		{3C6E09AC-2DF3-4C3A-A262-A11410FB94B1}.Release|Any CPU.Build.0 = Release|Any CPU
		{B323A90E-ACC2-4CCB-A544-60E2820C50DA}.Debug|Any CPU.ActiveCfg = Debug|Any CPU
		{B323A90E-ACC2-4CCB-A544-60E2820C50DA}.Debug|Any CPU.Build.0 = Debug|Any CPU
		{B323A90E-ACC2-4CCB-A544-60E2820C50DA}.Release|Any CPU.ActiveCfg = Release|Any CPU
		{B323A90E-ACC2-4CCB-A544-60E2820C50DA}.Release|Any CPU.Build.0 = Release|Any CPU
		{8470A5C9-6DA4-44FF-A1EB-67EA76887464}.Debug|Any CPU.ActiveCfg = Debug|Any CPU
		{8470A5C9-6DA4-44FF-A1EB-67EA76887464}.Debug|Any CPU.Build.0 = Debug|Any CPU
		{8470A5C9-6DA4-44FF-A1EB-67EA76887464}.Release|Any CPU.ActiveCfg = Release|Any CPU
		{8470A5C9-6DA4-44FF-A1EB-67EA76887464}.Release|Any CPU.Build.0 = Release|Any CPU
		{A4D9DB16-A022-4D07-95BC-66BEAAB10AB5}.Debug|Any CPU.ActiveCfg = Debug|Any CPU
		{A4D9DB16-A022-4D07-95BC-66BEAAB10AB5}.Debug|Any CPU.Build.0 = Debug|Any CPU
		{A4D9DB16-A022-4D07-95BC-66BEAAB10AB5}.Release|Any CPU.ActiveCfg = Release|Any CPU
		{A4D9DB16-A022-4D07-95BC-66BEAAB10AB5}.Release|Any CPU.Build.0 = Release|Any CPU
		{2D086467-0B2A-4972-B35B-454281882AF8}.Debug|Any CPU.ActiveCfg = Debug|Any CPU
		{2D086467-0B2A-4972-B35B-454281882AF8}.Debug|Any CPU.Build.0 = Debug|Any CPU
		{2D086467-0B2A-4972-B35B-454281882AF8}.Release|Any CPU.ActiveCfg = Release|Any CPU
		{2D086467-0B2A-4972-B35B-454281882AF8}.Release|Any CPU.Build.0 = Release|Any CPU
		{102FC65B-05A2-4791-853F-9531D9676B6F}.Debug|Any CPU.ActiveCfg = Debug|Any CPU
		{102FC65B-05A2-4791-853F-9531D9676B6F}.Debug|Any CPU.Build.0 = Debug|Any CPU
		{102FC65B-05A2-4791-853F-9531D9676B6F}.Release|Any CPU.ActiveCfg = Release|Any CPU
		{102FC65B-05A2-4791-853F-9531D9676B6F}.Release|Any CPU.Build.0 = Release|Any CPU
		{5172E636-467F-4F6B-B279-83F38F47F9D4}.Debug|Any CPU.ActiveCfg = Debug|Any CPU
		{5172E636-467F-4F6B-B279-83F38F47F9D4}.Debug|Any CPU.Build.0 = Debug|Any CPU
		{5172E636-467F-4F6B-B279-83F38F47F9D4}.Release|Any CPU.ActiveCfg = Release|Any CPU
		{5172E636-467F-4F6B-B279-83F38F47F9D4}.Release|Any CPU.Build.0 = Release|Any CPU
		{3B86D4B2-5935-4970-B134-A65B0A86A56C}.Debug|Any CPU.ActiveCfg = Debug|Any CPU
		{3B86D4B2-5935-4970-B134-A65B0A86A56C}.Debug|Any CPU.Build.0 = Debug|Any CPU
		{3B86D4B2-5935-4970-B134-A65B0A86A56C}.Release|Any CPU.ActiveCfg = Release|Any CPU
		{3B86D4B2-5935-4970-B134-A65B0A86A56C}.Release|Any CPU.Build.0 = Release|Any CPU
		{02F4983C-DB2B-4D6A-8510-64612F6E835F}.Debug|Any CPU.ActiveCfg = Debug|Any CPU
		{02F4983C-DB2B-4D6A-8510-64612F6E835F}.Debug|Any CPU.Build.0 = Debug|Any CPU
		{02F4983C-DB2B-4D6A-8510-64612F6E835F}.Release|Any CPU.ActiveCfg = Release|Any CPU
		{02F4983C-DB2B-4D6A-8510-64612F6E835F}.Release|Any CPU.Build.0 = Release|Any CPU
		{D537B472-F279-4C9D-8925-35E540F434C5}.Debug|Any CPU.ActiveCfg = Debug|Any CPU
		{D537B472-F279-4C9D-8925-35E540F434C5}.Debug|Any CPU.Build.0 = Debug|Any CPU
		{D537B472-F279-4C9D-8925-35E540F434C5}.Release|Any CPU.ActiveCfg = Release|Any CPU
		{D537B472-F279-4C9D-8925-35E540F434C5}.Release|Any CPU.Build.0 = Release|Any CPU
	EndGlobalSection
	GlobalSection(SolutionProperties) = preSolution
		HideSolutionNode = FALSE
	EndGlobalSection
	GlobalSection(ExtensibilityGlobals) = postSolution
		SolutionGuid = {1F23B0A5-B957-434C-AFDC-665CB9CEBC00}
	EndGlobalSection
EndGlobal
